{
  "lockfileVersion": 1,
  "workspaces": {
    "": {
      "dependencies": {
        "nodemailer": "^7.0.10",
      },
    },
  },
  "packages": {
    "nodemailer": ["nodemailer@7.0.10", "", {}, "sha512-Us/Se1WtT0ylXgNFfyFSx4LElllVLJXQjWi2Xz17xWw7amDKO2MLtFnVp1WACy7GkVGs+oBlRopVNUzlrGSw1w=="],
  }
}
